
Microsoft Visual Studio Solution File, Format Version 11.00
# Visual Studio 2010
Project("{FAE04EC0-301F-11D3-BF4B-00C04F79EFBC}") = "ViewModelItemTemplate", "ViewModelItemTemplate\ViewModelItemTemplate.csproj", "{2604691F-4040-41D1-91DB-35A9055145D7}"
EndProject
Project("{FAE04EC0-301F-11D3-BF4B-00C04F79EFBC}") = "ViewModelTemplateVsix", "ViewModelTemplateVsix\ViewModelTemplateVsix.csproj", "{6CD8BC9F-A075-4D92-A850-DF76BEAC7F2C}"
EndProject
Project("{FAE04EC0-301F-11D3-BF4B-00C04F79EFBC}") = "ViewModelWizard", "ViewModelWizard\ViewModelWizard.csproj", "{19315BA0-E45D-4AAE-A3AC-5CAC0216DC12}"
EndProject
Global
	GlobalSection(SolutionConfigurationPlatforms) = preSolution
		Debug|Any CPU = Debug|Any CPU
		Release|Any CPU = Release|Any CPU
	EndGlobalSection
	GlobalSection(ProjectConfigurationPlatforms) = postSolution
		{2604691F-4040-41D1-91DB-35A9055145D7}.Debug|Any CPU.ActiveCfg = Debug|Any CPU
		{2604691F-4040-41D1-91DB-35A9055145D7}.Debug|Any CPU.Build.0 = Debug|Any CPU
		{2604691F-4040-41D1-91DB-35A9055145D7}.Release|Any CPU.ActiveCfg = Release|Any CPU
		{2604691F-4040-41D1-91DB-35A9055145D7}.Release|Any CPU.Build.0 = Release|Any CPU
		{6CD8BC9F-A075-4D92-A850-DF76BEAC7F2C}.Debug|Any CPU.ActiveCfg = Debug|Any CPU
		{6CD8BC9F-A075-4D92-A850-DF76BEAC7F2C}.Debug|Any CPU.Build.0 = Debug|Any CPU
		{6CD8BC9F-A075-4D92-A850-DF76BEAC7F2C}.Release|Any CPU.ActiveCfg = Release|Any CPU
		{6CD8BC9F-A075-4D92-A850-DF76BEAC7F2C}.Release|Any CPU.Build.0 = Release|Any CPU
		{19315BA0-E45D-4AAE-A3AC-5CAC0216DC12}.Debug|Any CPU.ActiveCfg = Debug|Any CPU
		{19315BA0-E45D-4AAE-A3AC-5CAC0216DC12}.Debug|Any CPU.Build.0 = Debug|Any CPU
		{19315BA0-E45D-4AAE-A3AC-5CAC0216DC12}.Release|Any CPU.ActiveCfg = Release|Any CPU
		{19315BA0-E45D-4AAE-A3AC-5CAC0216DC12}.Release|Any CPU.Build.0 = Release|Any CPU
	EndGlobalSection
	GlobalSection(SolutionProperties) = preSolution
		HideSolutionNode = FALSE
	EndGlobalSection
EndGlobal
