
Microsoft Visual Studio Solution File, Format Version 9.00
# Visual Studio 2005
Project("{FAE04EC0-301F-11D3-BF4B-00C04F79EFBC}") = "CodeProject - Unload.Net Assembly", "CodeProject - Unload.Net Assembly\CodeProject - Unload.Net Assembly.csproj", "{C11FE5FB-130F-4885-8FCE-37458B225181}"
EndProject
Project("{FAE04EC0-301F-11D3-BF4B-00C04F79EFBC}") = "Assembly V1.0", "Assembly V1.0\Assembly V1.0.csproj", "{24341E0E-BF16-427B-A4A1-B545EDA33D19}"
EndProject
Project("{FAE04EC0-301F-11D3-BF4B-00C04F79EFBC}") = "Assembly v2.0", "Assembly v2.0\Assembly v2.0.csproj", "{3F606723-669F-4D21-9735-5FA2C0C03EC2}"
EndProject
Project("{FAE04EC0-301F-11D3-BF4B-00C04F79EFBC}") = "BaseInterface", "BaseInterface\BaseInterface.csproj", "{B10F3ACD-1A34-4C8A-BC64-01A09F4AA33C}"
EndProject
Project("{FAE04EC0-301F-11D3-BF4B-00C04F79EFBC}") = "Proxy", "Proxy\Proxy.csproj", "{826D4E3C-7D31-464C-B80F-6802AE1A333F}"
EndProject
Global
	GlobalSection(SolutionConfigurationPlatforms) = preSolution
		Debug|Any CPU = Debug|Any CPU
		Release|Any CPU = Release|Any CPU
	EndGlobalSection
	GlobalSection(ProjectConfigurationPlatforms) = postSolution
		{C11FE5FB-130F-4885-8FCE-37458B225181}.Debug|Any CPU.ActiveCfg = Debug|Any CPU
		{C11FE5FB-130F-4885-8FCE-37458B225181}.Debug|Any CPU.Build.0 = Debug|Any CPU
		{C11FE5FB-130F-4885-8FCE-37458B225181}.Release|Any CPU.ActiveCfg = Release|Any CPU
		{C11FE5FB-130F-4885-8FCE-37458B225181}.Release|Any CPU.Build.0 = Release|Any CPU
		{24341E0E-BF16-427B-A4A1-B545EDA33D19}.Debug|Any CPU.ActiveCfg = Debug|Any CPU
		{24341E0E-BF16-427B-A4A1-B545EDA33D19}.Debug|Any CPU.Build.0 = Debug|Any CPU
		{24341E0E-BF16-427B-A4A1-B545EDA33D19}.Release|Any CPU.ActiveCfg = Release|Any CPU
		{24341E0E-BF16-427B-A4A1-B545EDA33D19}.Release|Any CPU.Build.0 = Release|Any CPU
		{3F606723-669F-4D21-9735-5FA2C0C03EC2}.Debug|Any CPU.ActiveCfg = Debug|Any CPU
		{3F606723-669F-4D21-9735-5FA2C0C03EC2}.Debug|Any CPU.Build.0 = Debug|Any CPU
		{3F606723-669F-4D21-9735-5FA2C0C03EC2}.Release|Any CPU.ActiveCfg = Release|Any CPU
		{3F606723-669F-4D21-9735-5FA2C0C03EC2}.Release|Any CPU.Build.0 = Release|Any CPU
		{B10F3ACD-1A34-4C8A-BC64-01A09F4AA33C}.Debug|Any CPU.ActiveCfg = Debug|Any CPU
		{B10F3ACD-1A34-4C8A-BC64-01A09F4AA33C}.Debug|Any CPU.Build.0 = Debug|Any CPU
		{B10F3ACD-1A34-4C8A-BC64-01A09F4AA33C}.Release|Any CPU.ActiveCfg = Release|Any CPU
		{B10F3ACD-1A34-4C8A-BC64-01A09F4AA33C}.Release|Any CPU.Build.0 = Release|Any CPU
		{826D4E3C-7D31-464C-B80F-6802AE1A333F}.Debug|Any CPU.ActiveCfg = Debug|Any CPU
		{826D4E3C-7D31-464C-B80F-6802AE1A333F}.Debug|Any CPU.Build.0 = Debug|Any CPU
		{826D4E3C-7D31-464C-B80F-6802AE1A333F}.Release|Any CPU.ActiveCfg = Release|Any CPU
		{826D4E3C-7D31-464C-B80F-6802AE1A333F}.Release|Any CPU.Build.0 = Release|Any CPU
	EndGlobalSection
	GlobalSection(SolutionProperties) = preSolution
		HideSolutionNode = FALSE
	EndGlobalSection
EndGlobal
