
Microsoft Visual Studio Solution File, Format Version 11.00
# Visual Studio 2010
# Ranorex Studio 4
Project("{FAE04EC0-301F-11D3-BF4B-00C04F79EFBC}") = "EH.PCPS.TestAutomation.FdiReferenceHost", "EH.PCPS.TestAutomation.FdiReferenceHost.csproj", "{224564E6-76C3-410A-B15C-A96D5DED35A8}"
EndProject
Global
	GlobalSection(SolutionConfigurationPlatforms) = preSolution
		Debug|Any CPU = Debug|Any CPU
		Debug|x86 = Debug|x86
		Release|Any CPU = Release|Any CPU
		Release|x86 = Release|x86
		Debug|Any CPU = Debug|Any CPU
		Debug|x86 = Debug|x86
		Release|Any CPU = Release|Any CPU
		Release|x86 = Release|x86
	EndGlobalSection
	GlobalSection(ProjectConfigurationPlatforms) = postSolution
		{224564E6-76C3-410A-B15C-A96D5DED35A8}.Debug|Any CPU.Build.0 = Debug|Any CPU
		{224564E6-76C3-410A-B15C-A96D5DED35A8}.Debug|Any CPU.ActiveCfg = Debug|Any CPU
		{224564E6-76C3-410A-B15C-A96D5DED35A8}.Debug|x86.Build.0 = Debug|Any CPU
		{224564E6-76C3-410A-B15C-A96D5DED35A8}.Debug|x86.ActiveCfg = Debug|Any CPU
		{224564E6-76C3-410A-B15C-A96D5DED35A8}.Release|Any CPU.Build.0 = Release|Any CPU
		{224564E6-76C3-410A-B15C-A96D5DED35A8}.Release|Any CPU.ActiveCfg = Release|Any CPU
		{224564E6-76C3-410A-B15C-A96D5DED35A8}.Release|x86.Build.0 = Release|Any CPU
		{224564E6-76C3-410A-B15C-A96D5DED35A8}.Release|x86.ActiveCfg = Release|Any CPU
	EndGlobalSection
EndGlobal
