
Microsoft Visual Studio Solution File, Format Version 11.00
# Visual Studio 2010
# Ranorex Studio 4
Project("{FAE04EC0-301F-11D3-BF4B-00C04F79EFBC}") = "EH.PCPS.TestAutomation.FieldCare.V21100", "EH.PCPS.TestAutomation.FieldCare.V21100.csproj", "{1385230B-3680-4259-B0FF-3CE22A74402C}"
EndProject
Global
	GlobalSection(SolutionConfigurationPlatforms) = preSolution
		Debug|Any CPU = Debug|Any CPU
		Release|Any CPU = Release|Any CPU
		Debug|Any CPU = Debug|Any CPU
		Release|Any CPU = Release|Any CPU
	EndGlobalSection
	GlobalSection(ProjectConfigurationPlatforms) = postSolution
		{1385230B-3680-4259-B0FF-3CE22A74402C}.Debug|Any CPU.Build.0 = Debug|Any CPU
		{1385230B-3680-4259-B0FF-3CE22A74402C}.Debug|Any CPU.ActiveCfg = Debug|Any CPU
		{1385230B-3680-4259-B0FF-3CE22A74402C}.Release|Any CPU.Build.0 = Release|Any CPU
		{1385230B-3680-4259-B0FF-3CE22A74402C}.Release|Any CPU.ActiveCfg = Release|Any CPU
	EndGlobalSection
EndGlobal
