
Microsoft Visual Studio Solution File, Format Version 12.00
# Visual Studio 2012
Project("{FAE04EC0-301F-11D3-BF4B-00C04F79EFBC}") = "EH.ImsOpcBridge.Configurator.Wpf", "EH.ImsOpcBridge.Configurator.Wpf.csproj", "{03BED77A-D124-4C7A-9059-49498CE682CA}"
EndProject
Global
	GlobalSection(SolutionConfigurationPlatforms) = preSolution
		Debug|Any CPU = Debug|Any CPU
		Release|Any CPU = Release|Any CPU
	EndGlobalSection
	GlobalSection(ProjectConfigurationPlatforms) = postSolution
		{03BED77A-D124-4C7A-9059-49498CE682CA}.Debug|Any CPU.ActiveCfg = Debug|Any CPU
		{03BED77A-D124-4C7A-9059-49498CE682CA}.Debug|Any CPU.Build.0 = Debug|Any CPU
		{03BED77A-D124-4C7A-9059-49498CE682CA}.Release|Any CPU.ActiveCfg = Release|Any CPU
		{03BED77A-D124-4C7A-9059-49498CE682CA}.Release|Any CPU.Build.0 = Release|Any CPU
	EndGlobalSection
	GlobalSection(SolutionProperties) = preSolution
		HideSolutionNode = FALSE
	EndGlobalSection
EndGlobal
