
Microsoft Visual Studio Solution File, Format Version 11.00
# Visual Studio 2010
Project("{FAE04EC0-301F-11D3-BF4B-00C04F79EFBC}") = "SimpleProject", "SimpleProject\SimpleProject.csproj", "{EADB44B5-96C4-4EEA-BA92-22B6F1CAF83B}"
EndProject
Global
	GlobalSection(SolutionConfigurationPlatforms) = preSolution
		Debug|Any CPU = Debug|Any CPU
		Release|Any CPU = Release|Any CPU
	EndGlobalSection
	GlobalSection(ProjectConfigurationPlatforms) = postSolution
		{EADB44B5-96C4-4EEA-BA92-22B6F1CAF83B}.Debug|Any CPU.ActiveCfg = Debug|Any CPU
		{EADB44B5-96C4-4EEA-BA92-22B6F1CAF83B}.Debug|Any CPU.Build.0 = Debug|Any CPU
		{EADB44B5-96C4-4EEA-BA92-22B6F1CAF83B}.Release|Any CPU.ActiveCfg = Release|Any CPU
		{EADB44B5-96C4-4EEA-BA92-22B6F1CAF83B}.Release|Any CPU.Build.0 = Release|Any CPU
	EndGlobalSection
	GlobalSection(SolutionProperties) = preSolution
		HideSolutionNode = FALSE
	EndGlobalSection
EndGlobal
