
Microsoft Visual Studio Solution File, Format Version 12.00
# Visual Studio 14
VisualStudioVersion = 14.0.25420.1
MinimumVisualStudioVersion = 10.0.40219.1
Project("{2150E333-8FDC-42A3-9474-1A3956D46DE8}") = "Control", "Control", "{EEF72E21-ACCB-42E4-88F1-37ABCF540A07}"
EndProject
Project("{2150E333-8FDC-42A3-9474-1A3956D46DE8}") = "Common", "Common", "{9872B208-B8FA-427D-AE8F-2C1E29D4E49C}"
EndProject
Project("{2150E333-8FDC-42A3-9474-1A3956D46DE8}") = "ItemTemplates", "ItemTemplates", "{9790BD62-2EE3-4552-AB13-F73314D1C6DC}"
EndProject
Project("{FAE04EC0-301F-11D3-BF4B-00C04F79EFBC}") = "EH.DTMstudioTest.Common", "EH.DTMstudioTest.Plugin\Common\EH.DTMstudioTest.Common\EH.DTMstudioTest.Common.csproj", "{CAA7EB4D-C7F9-41A7-A273-8ADA0755D8B9}"
EndProject
Project("{FAE04EC0-301F-11D3-BF4B-00C04F79EFBC}") = "EH.DTMstudioTest.TestScriptEngine", "EH.DTMstudioTest.Plugin\Common\EH.DTMstudioTest.TestScriptEngine\EH.DTMstudioTest.TestScriptEngine.csproj", "{6A56AB4F-0A22-47C8-BDAF-5DB3078DEAF8}"
EndProject
Project("{FAE04EC0-301F-11D3-BF4B-00C04F79EFBC}") = "EH.PCPS.ScriptConfiguratorTree", "EH.DTMstudioTest.Plugin\Controls\EH.PCPS.ScriptConfiguratorTree\EH.PCPS.ScriptConfiguratorTree.csproj", "{C417C10A-0404-4B56-97F4-5739C763AD17}"
EndProject
Project("{FAE04EC0-301F-11D3-BF4B-00C04F79EFBC}") = "EH.PCPS.ScriptExplorerTree", "EH.DTMstudioTest.Plugin\Controls\EH.PCPS.ScriptExplorerTree\EH.PCPS.ScriptExplorerTree.csproj", "{D30F9EE4-A69D-4314-BF06-95CE5D026EF4}"
EndProject
Project("{FAE04EC0-301F-11D3-BF4B-00C04F79EFBC}") = "EH.PCPS.SelectionTree.Controls", "EH.DTMstudioTest.Plugin\Controls\EH.PCPS.SelectionTree.Controls\EH.PCPS.SelectionTree.Controls.csproj", "{E5F6B6E6-50AB-4A7F-B82A-5922B5D5E0D9}"
EndProject
Project("{FAE04EC0-301F-11D3-BF4B-00C04F79EFBC}") = "EH.PCPS.SuiteConfiguratorTree", "EH.DTMstudioTest.Plugin\Controls\EH.PCPS.SuiteConfiguratorTree\EH.PCPS.SuiteConfiguratorTree.csproj", "{E1245ABB-0BC0-4856-B1B6-8F799819BE70}"
EndProject
Project("{FAE04EC0-301F-11D3-BF4B-00C04F79EFBC}") = "EH.DTMstudioTest.ScriptConfigurator", "EH.DTMstudioTest.Plugin\Controls\EH.DTMstudioTest.ScriptConfigurator\EH.DTMstudioTest.ScriptConfigurator.csproj", "{AA963166-8ADE-42B0-B5FD-861119992316}"
EndProject
Project("{FAE04EC0-301F-11D3-BF4B-00C04F79EFBC}") = "EH.DTMstudioTest.ScriptExplorer", "EH.DTMstudioTest.Plugin\Controls\EH.DTMstudioTest.ScriptExplorer\EH.DTMstudioTest.ScriptExplorer.csproj", "{B6714145-F42C-423F-B4C1-2CBFEEF7326C}"
EndProject
Project("{FAE04EC0-301F-11D3-BF4B-00C04F79EFBC}") = "EH.DTMstudioTest.SuiteConfigurator", "EH.DTMstudioTest.Plugin\Controls\EH.DTMstudioTest.SuiteConfigurator\EH.DTMstudioTest.SuiteConfigurator.csproj", "{39ED6EF6-9435-43F0-B405-C3700E2BFE37}"
EndProject
Project("{FAE04EC0-301F-11D3-BF4B-00C04F79EFBC}") = "EH.DTMstudioTest.Template.TestCase", "EH.DTMstudioTest.Plugin\ItemTemplates\EH.DTMstudioTest.Template.TestCase\EH.DTMstudioTest.Template.TestCase.csproj", "{9EFE99FC-234A-42A6-A703-0388DC34F2E7}"
EndProject
Project("{FAE04EC0-301F-11D3-BF4B-00C04F79EFBC}") = "EH.DTMstudioTest.Template.TestModule", "EH.DTMstudioTest.Plugin\ItemTemplates\EH.DTMstudioTest.Template.TestModule\EH.DTMstudioTest.Template.TestModule.csproj", "{C44DC556-5E6C-4F35-A67D-E6983883E322}"
EndProject
Project("{FAE04EC0-301F-11D3-BF4B-00C04F79EFBC}") = "EH.DTMstudioTest.Template.TestSuite", "EH.DTMstudioTest.Plugin\ItemTemplates\EH.DTMstudioTest.Template.TestSuite\EH.DTMstudioTest.Template.TestSuite.csproj", "{31D0E6D6-5783-42E3-808F-8006E1C43154}"
EndProject
Project("{2150E333-8FDC-42A3-9474-1A3956D46DE8}") = "ProjectTemplates", "ProjectTemplates", "{7B5BB38B-6206-4B0F-AC6E-8960CAA6CE8C}"
EndProject
Project("{FAE04EC0-301F-11D3-BF4B-00C04F79EFBC}") = "EH.DTMstudioTest.Plugin", "EH.DTMstudioTest.Plugin\EH.DTMstudioTest.Plugin.csproj", "{DEC8AD3D-0F06-4604-A4D4-52F55E7F6626}"
EndProject
Project("{FAE04EC0-301F-11D3-BF4B-00C04F79EFBC}") = "DeviceTypeTestProject", "EH.DTMstudioTest.Plugin\ProjectTemplates\DeviceTypeTestProject\DeviceTypeTestProject.csproj", "{4B5F55C1-E998-4C3B-BCBA-CB4DE7605C97}"
EndProject
Project("{FAE04EC0-301F-11D3-BF4B-00C04F79EFBC}") = "UserDefinedTestProject", "EH.DTMstudioTest.Plugin\ProjectTemplates\UserDefinedTestProject\UserDefinedTestProject.csproj", "{DB1E71C6-BE5A-4011-96DD-652E51A8968B}"
EndProject
Project("{2150E333-8FDC-42A3-9474-1A3956D46DE8}") = "ProofOfConcepts", "ProofOfConcepts", "{4CB38A11-23E7-45D5-9109-29BF7401F35E}"
EndProject
Project("{FAE04EC0-301F-11D3-BF4B-00C04F79EFBC}") = "EH.DTMstudioTest.Excecution", "EH.DTMstudioTest.Plugin\ProofOfConcepts\EH.DTMstudioTest.Execution\EH.DTMstudioTest.Excecution.csproj", "{B293F7DA-E716-42C5-AC5A-93C4CA684E84}"
EndProject
Global
	GlobalSection(SolutionConfigurationPlatforms) = preSolution
		Debug|Any CPU = Debug|Any CPU
		Debug|x86 = Debug|x86
		Release|Any CPU = Release|Any CPU
		Release|x86 = Release|x86
	EndGlobalSection
	GlobalSection(ProjectConfigurationPlatforms) = postSolution
		{CAA7EB4D-C7F9-41A7-A273-8ADA0755D8B9}.Debug|Any CPU.ActiveCfg = Debug|x86
		{CAA7EB4D-C7F9-41A7-A273-8ADA0755D8B9}.Debug|Any CPU.Build.0 = Debug|x86
		{CAA7EB4D-C7F9-41A7-A273-8ADA0755D8B9}.Debug|x86.ActiveCfg = Debug|x86
		{CAA7EB4D-C7F9-41A7-A273-8ADA0755D8B9}.Debug|x86.Build.0 = Debug|x86
		{CAA7EB4D-C7F9-41A7-A273-8ADA0755D8B9}.Release|Any CPU.ActiveCfg = Release|x86
		{CAA7EB4D-C7F9-41A7-A273-8ADA0755D8B9}.Release|x86.ActiveCfg = Release|x86
		{CAA7EB4D-C7F9-41A7-A273-8ADA0755D8B9}.Release|x86.Build.0 = Release|x86
		{6A56AB4F-0A22-47C8-BDAF-5DB3078DEAF8}.Debug|Any CPU.ActiveCfg = Debug|x86
		{6A56AB4F-0A22-47C8-BDAF-5DB3078DEAF8}.Debug|Any CPU.Build.0 = Debug|x86
		{6A56AB4F-0A22-47C8-BDAF-5DB3078DEAF8}.Debug|x86.ActiveCfg = Debug|x86
		{6A56AB4F-0A22-47C8-BDAF-5DB3078DEAF8}.Debug|x86.Build.0 = Debug|x86
		{6A56AB4F-0A22-47C8-BDAF-5DB3078DEAF8}.Release|Any CPU.ActiveCfg = Release|x86
		{6A56AB4F-0A22-47C8-BDAF-5DB3078DEAF8}.Release|x86.ActiveCfg = Release|x86
		{6A56AB4F-0A22-47C8-BDAF-5DB3078DEAF8}.Release|x86.Build.0 = Release|x86
		{C417C10A-0404-4B56-97F4-5739C763AD17}.Debug|Any CPU.ActiveCfg = Debug|x86
		{C417C10A-0404-4B56-97F4-5739C763AD17}.Debug|Any CPU.Build.0 = Debug|x86
		{C417C10A-0404-4B56-97F4-5739C763AD17}.Debug|x86.ActiveCfg = Debug|x86
		{C417C10A-0404-4B56-97F4-5739C763AD17}.Debug|x86.Build.0 = Debug|x86
		{C417C10A-0404-4B56-97F4-5739C763AD17}.Release|Any CPU.ActiveCfg = Release|x86
		{C417C10A-0404-4B56-97F4-5739C763AD17}.Release|x86.ActiveCfg = Release|x86
		{C417C10A-0404-4B56-97F4-5739C763AD17}.Release|x86.Build.0 = Release|x86
		{D30F9EE4-A69D-4314-BF06-95CE5D026EF4}.Debug|Any CPU.ActiveCfg = Debug|x86
		{D30F9EE4-A69D-4314-BF06-95CE5D026EF4}.Debug|Any CPU.Build.0 = Debug|x86
		{D30F9EE4-A69D-4314-BF06-95CE5D026EF4}.Debug|x86.ActiveCfg = Debug|x86
		{D30F9EE4-A69D-4314-BF06-95CE5D026EF4}.Debug|x86.Build.0 = Debug|x86
		{D30F9EE4-A69D-4314-BF06-95CE5D026EF4}.Release|Any CPU.ActiveCfg = Release|x86
		{D30F9EE4-A69D-4314-BF06-95CE5D026EF4}.Release|x86.ActiveCfg = Release|x86
		{D30F9EE4-A69D-4314-BF06-95CE5D026EF4}.Release|x86.Build.0 = Release|x86
		{E5F6B6E6-50AB-4A7F-B82A-5922B5D5E0D9}.Debug|Any CPU.ActiveCfg = Debug|x86
		{E5F6B6E6-50AB-4A7F-B82A-5922B5D5E0D9}.Debug|Any CPU.Build.0 = Debug|x86
		{E5F6B6E6-50AB-4A7F-B82A-5922B5D5E0D9}.Debug|x86.ActiveCfg = Debug|x86
		{E5F6B6E6-50AB-4A7F-B82A-5922B5D5E0D9}.Debug|x86.Build.0 = Debug|x86
		{E5F6B6E6-50AB-4A7F-B82A-5922B5D5E0D9}.Release|Any CPU.ActiveCfg = Release|x86
		{E5F6B6E6-50AB-4A7F-B82A-5922B5D5E0D9}.Release|x86.ActiveCfg = Release|x86
		{E5F6B6E6-50AB-4A7F-B82A-5922B5D5E0D9}.Release|x86.Build.0 = Release|x86
		{E1245ABB-0BC0-4856-B1B6-8F799819BE70}.Debug|Any CPU.ActiveCfg = Debug|x86
		{E1245ABB-0BC0-4856-B1B6-8F799819BE70}.Debug|Any CPU.Build.0 = Debug|x86
		{E1245ABB-0BC0-4856-B1B6-8F799819BE70}.Debug|x86.ActiveCfg = Debug|x86
		{E1245ABB-0BC0-4856-B1B6-8F799819BE70}.Debug|x86.Build.0 = Debug|x86
		{E1245ABB-0BC0-4856-B1B6-8F799819BE70}.Release|Any CPU.ActiveCfg = Release|x86
		{E1245ABB-0BC0-4856-B1B6-8F799819BE70}.Release|x86.ActiveCfg = Release|x86
		{E1245ABB-0BC0-4856-B1B6-8F799819BE70}.Release|x86.Build.0 = Release|x86
		{AA963166-8ADE-42B0-B5FD-861119992316}.Debug|Any CPU.ActiveCfg = Debug|x86
		{AA963166-8ADE-42B0-B5FD-861119992316}.Debug|Any CPU.Build.0 = Debug|x86
		{AA963166-8ADE-42B0-B5FD-861119992316}.Debug|x86.ActiveCfg = Debug|x86
		{AA963166-8ADE-42B0-B5FD-861119992316}.Debug|x86.Build.0 = Debug|x86
		{AA963166-8ADE-42B0-B5FD-861119992316}.Release|Any CPU.ActiveCfg = Release|x86
		{AA963166-8ADE-42B0-B5FD-861119992316}.Release|x86.ActiveCfg = Release|x86
		{AA963166-8ADE-42B0-B5FD-861119992316}.Release|x86.Build.0 = Release|x86
		{B6714145-F42C-423F-B4C1-2CBFEEF7326C}.Debug|Any CPU.ActiveCfg = Debug|x86
		{B6714145-F42C-423F-B4C1-2CBFEEF7326C}.Debug|Any CPU.Build.0 = Debug|x86
		{B6714145-F42C-423F-B4C1-2CBFEEF7326C}.Debug|x86.ActiveCfg = Debug|x86
		{B6714145-F42C-423F-B4C1-2CBFEEF7326C}.Debug|x86.Build.0 = Debug|x86
		{B6714145-F42C-423F-B4C1-2CBFEEF7326C}.Release|Any CPU.ActiveCfg = Release|x86
		{B6714145-F42C-423F-B4C1-2CBFEEF7326C}.Release|x86.ActiveCfg = Release|x86
		{B6714145-F42C-423F-B4C1-2CBFEEF7326C}.Release|x86.Build.0 = Release|x86
		{39ED6EF6-9435-43F0-B405-C3700E2BFE37}.Debug|Any CPU.ActiveCfg = Debug|x86
		{39ED6EF6-9435-43F0-B405-C3700E2BFE37}.Debug|Any CPU.Build.0 = Debug|x86
		{39ED6EF6-9435-43F0-B405-C3700E2BFE37}.Debug|x86.ActiveCfg = Debug|x86
		{39ED6EF6-9435-43F0-B405-C3700E2BFE37}.Debug|x86.Build.0 = Debug|x86
		{39ED6EF6-9435-43F0-B405-C3700E2BFE37}.Release|Any CPU.ActiveCfg = Release|x86
		{39ED6EF6-9435-43F0-B405-C3700E2BFE37}.Release|x86.ActiveCfg = Release|x86
		{39ED6EF6-9435-43F0-B405-C3700E2BFE37}.Release|x86.Build.0 = Release|x86
		{9EFE99FC-234A-42A6-A703-0388DC34F2E7}.Debug|Any CPU.ActiveCfg = Debug|x86
		{9EFE99FC-234A-42A6-A703-0388DC34F2E7}.Debug|Any CPU.Build.0 = Debug|x86
		{9EFE99FC-234A-42A6-A703-0388DC34F2E7}.Debug|x86.ActiveCfg = Debug|x86
		{9EFE99FC-234A-42A6-A703-0388DC34F2E7}.Debug|x86.Build.0 = Debug|x86
		{9EFE99FC-234A-42A6-A703-0388DC34F2E7}.Release|Any CPU.ActiveCfg = Release|x86
		{9EFE99FC-234A-42A6-A703-0388DC34F2E7}.Release|x86.ActiveCfg = Release|x86
		{9EFE99FC-234A-42A6-A703-0388DC34F2E7}.Release|x86.Build.0 = Release|x86
		{C44DC556-5E6C-4F35-A67D-E6983883E322}.Debug|Any CPU.ActiveCfg = Debug|x86
		{C44DC556-5E6C-4F35-A67D-E6983883E322}.Debug|Any CPU.Build.0 = Debug|x86
		{C44DC556-5E6C-4F35-A67D-E6983883E322}.Debug|x86.ActiveCfg = Debug|x86
		{C44DC556-5E6C-4F35-A67D-E6983883E322}.Debug|x86.Build.0 = Debug|x86
		{C44DC556-5E6C-4F35-A67D-E6983883E322}.Release|Any CPU.ActiveCfg = Release|x86
		{C44DC556-5E6C-4F35-A67D-E6983883E322}.Release|x86.ActiveCfg = Release|x86
		{C44DC556-5E6C-4F35-A67D-E6983883E322}.Release|x86.Build.0 = Release|x86
		{31D0E6D6-5783-42E3-808F-8006E1C43154}.Debug|Any CPU.ActiveCfg = Debug|x86
		{31D0E6D6-5783-42E3-808F-8006E1C43154}.Debug|Any CPU.Build.0 = Debug|x86
		{31D0E6D6-5783-42E3-808F-8006E1C43154}.Debug|x86.ActiveCfg = Debug|x86
		{31D0E6D6-5783-42E3-808F-8006E1C43154}.Debug|x86.Build.0 = Debug|x86
		{31D0E6D6-5783-42E3-808F-8006E1C43154}.Release|Any CPU.ActiveCfg = Release|x86
		{31D0E6D6-5783-42E3-808F-8006E1C43154}.Release|x86.ActiveCfg = Release|x86
		{31D0E6D6-5783-42E3-808F-8006E1C43154}.Release|x86.Build.0 = Release|x86
		{DEC8AD3D-0F06-4604-A4D4-52F55E7F6626}.Debug|Any CPU.ActiveCfg = Debug|x86
		{DEC8AD3D-0F06-4604-A4D4-52F55E7F6626}.Debug|Any CPU.Build.0 = Debug|x86
		{DEC8AD3D-0F06-4604-A4D4-52F55E7F6626}.Debug|x86.ActiveCfg = Debug|x86
		{DEC8AD3D-0F06-4604-A4D4-52F55E7F6626}.Debug|x86.Build.0 = Debug|x86
		{DEC8AD3D-0F06-4604-A4D4-52F55E7F6626}.Release|Any CPU.ActiveCfg = Release|x86
		{DEC8AD3D-0F06-4604-A4D4-52F55E7F6626}.Release|x86.ActiveCfg = Release|x86
		{DEC8AD3D-0F06-4604-A4D4-52F55E7F6626}.Release|x86.Build.0 = Release|x86
		{4B5F55C1-E998-4C3B-BCBA-CB4DE7605C97}.Debug|Any CPU.ActiveCfg = Debug|x86
		{4B5F55C1-E998-4C3B-BCBA-CB4DE7605C97}.Debug|Any CPU.Build.0 = Debug|x86
		{4B5F55C1-E998-4C3B-BCBA-CB4DE7605C97}.Debug|x86.ActiveCfg = Debug|x86
		{4B5F55C1-E998-4C3B-BCBA-CB4DE7605C97}.Debug|x86.Build.0 = Debug|x86
		{4B5F55C1-E998-4C3B-BCBA-CB4DE7605C97}.Release|Any CPU.ActiveCfg = Release|x86
		{4B5F55C1-E998-4C3B-BCBA-CB4DE7605C97}.Release|x86.ActiveCfg = Release|x86
		{4B5F55C1-E998-4C3B-BCBA-CB4DE7605C97}.Release|x86.Build.0 = Release|x86
		{DB1E71C6-BE5A-4011-96DD-652E51A8968B}.Debug|Any CPU.ActiveCfg = Debug|x86
		{DB1E71C6-BE5A-4011-96DD-652E51A8968B}.Debug|Any CPU.Build.0 = Debug|x86
		{DB1E71C6-BE5A-4011-96DD-652E51A8968B}.Debug|x86.ActiveCfg = Debug|x86
		{DB1E71C6-BE5A-4011-96DD-652E51A8968B}.Debug|x86.Build.0 = Debug|x86
		{DB1E71C6-BE5A-4011-96DD-652E51A8968B}.Release|Any CPU.ActiveCfg = Release|x86
		{DB1E71C6-BE5A-4011-96DD-652E51A8968B}.Release|x86.ActiveCfg = Release|x86
		{DB1E71C6-BE5A-4011-96DD-652E51A8968B}.Release|x86.Build.0 = Release|x86
		{B293F7DA-E716-42C5-AC5A-93C4CA684E84}.Debug|Any CPU.ActiveCfg = Debug|x86
		{B293F7DA-E716-42C5-AC5A-93C4CA684E84}.Debug|Any CPU.Build.0 = Debug|x86
		{B293F7DA-E716-42C5-AC5A-93C4CA684E84}.Debug|x86.ActiveCfg = Debug|x86
		{B293F7DA-E716-42C5-AC5A-93C4CA684E84}.Debug|x86.Build.0 = Debug|x86
		{B293F7DA-E716-42C5-AC5A-93C4CA684E84}.Release|Any CPU.ActiveCfg = Release|x86
		{B293F7DA-E716-42C5-AC5A-93C4CA684E84}.Release|x86.ActiveCfg = Release|x86
		{B293F7DA-E716-42C5-AC5A-93C4CA684E84}.Release|x86.Build.0 = Release|x86
	EndGlobalSection
	GlobalSection(SolutionProperties) = preSolution
		HideSolutionNode = FALSE
	EndGlobalSection
	GlobalSection(NestedProjects) = preSolution
		{CAA7EB4D-C7F9-41A7-A273-8ADA0755D8B9} = {9872B208-B8FA-427D-AE8F-2C1E29D4E49C}
		{6A56AB4F-0A22-47C8-BDAF-5DB3078DEAF8} = {9872B208-B8FA-427D-AE8F-2C1E29D4E49C}
		{C417C10A-0404-4B56-97F4-5739C763AD17} = {EEF72E21-ACCB-42E4-88F1-37ABCF540A07}
		{D30F9EE4-A69D-4314-BF06-95CE5D026EF4} = {EEF72E21-ACCB-42E4-88F1-37ABCF540A07}
		{E5F6B6E6-50AB-4A7F-B82A-5922B5D5E0D9} = {EEF72E21-ACCB-42E4-88F1-37ABCF540A07}
		{E1245ABB-0BC0-4856-B1B6-8F799819BE70} = {EEF72E21-ACCB-42E4-88F1-37ABCF540A07}
		{AA963166-8ADE-42B0-B5FD-861119992316} = {EEF72E21-ACCB-42E4-88F1-37ABCF540A07}
		{B6714145-F42C-423F-B4C1-2CBFEEF7326C} = {EEF72E21-ACCB-42E4-88F1-37ABCF540A07}
		{39ED6EF6-9435-43F0-B405-C3700E2BFE37} = {EEF72E21-ACCB-42E4-88F1-37ABCF540A07}
		{9EFE99FC-234A-42A6-A703-0388DC34F2E7} = {9790BD62-2EE3-4552-AB13-F73314D1C6DC}
		{C44DC556-5E6C-4F35-A67D-E6983883E322} = {9790BD62-2EE3-4552-AB13-F73314D1C6DC}
		{31D0E6D6-5783-42E3-808F-8006E1C43154} = {9790BD62-2EE3-4552-AB13-F73314D1C6DC}
		{4B5F55C1-E998-4C3B-BCBA-CB4DE7605C97} = {7B5BB38B-6206-4B0F-AC6E-8960CAA6CE8C}
		{DB1E71C6-BE5A-4011-96DD-652E51A8968B} = {7B5BB38B-6206-4B0F-AC6E-8960CAA6CE8C}
		{B293F7DA-E716-42C5-AC5A-93C4CA684E84} = {4CB38A11-23E7-45D5-9109-29BF7401F35E}
	EndGlobalSection
EndGlobal
